
Microsoft Visual Studio Solution File, Format Version 12.00
# Visual Studio Version 17
VisualStudioVersion = 17.3.32825.248
MinimumVisualStudioVersion = 10.0.40219.1
Project("{FAE04EC0-301F-11D3-BF4B-00C04F79EFBC}") = "HandsOnBootstrap", "HandsOnBootstrap.csproj", "{B89FCF89-2186-4883-BFCB-18C5E650C58A}"
EndProject
Global
	GlobalSection(SolutionConfigurationPlatforms) = preSolution
		Debug|Any CPU = Debug|Any CPU
		Release|Any CPU = Release|Any CPU
	EndGlobalSection
	GlobalSection(ProjectConfigurationPlatforms) = postSolution
		{B89FCF89-2186-4883-BFCB-18C5E650C58A}.Debug|Any CPU.ActiveCfg = Debug|Any CPU
		{B89FCF89-2186-4883-BFCB-18C5E650C58A}.Debug|Any CPU.Build.0 = Debug|Any CPU
		{B89FCF89-2186-4883-BFCB-18C5E650C58A}.Release|Any CPU.ActiveCfg = Release|Any CPU
		{B89FCF89-2186-4883-BFCB-18C5E650C58A}.Release|Any CPU.Build.0 = Release|Any CPU
	EndGlobalSection
	GlobalSection(SolutionProperties) = preSolution
		HideSolutionNode = FALSE
	EndGlobalSection
	GlobalSection(ExtensibilityGlobals) = postSolution
		SolutionGuid = {935EC0F1-1D18-4FA2-B3B8-8CE87CEDFB10}
	EndGlobalSection
EndGlobal
