
Microsoft Visual Studio Solution File, Format Version 12.00
# Visual Studio Version 17
VisualStudioVersion = 17.3.32825.248
MinimumVisualStudioVersion = 10.0.40219.1
Project("{FAE04EC0-301F-11D3-BF4B-00C04F79EFBC}") = "HandsOnMVCUsingEF", "HandsOnMVCUsingEF.csproj", "{9C643CDD-83F3-4A96-A8AB-8021E80C2FC9}"
EndProject
Global
	GlobalSection(SolutionConfigurationPlatforms) = preSolution
		Debug|Any CPU = Debug|Any CPU
		Release|Any CPU = Release|Any CPU
	EndGlobalSection
	GlobalSection(ProjectConfigurationPlatforms) = postSolution
		{9C643CDD-83F3-4A96-A8AB-8021E80C2FC9}.Debug|Any CPU.ActiveCfg = Debug|Any CPU
		{9C643CDD-83F3-4A96-A8AB-8021E80C2FC9}.Debug|Any CPU.Build.0 = Debug|Any CPU
		{9C643CDD-83F3-4A96-A8AB-8021E80C2FC9}.Release|Any CPU.ActiveCfg = Release|Any CPU
		{9C643CDD-83F3-4A96-A8AB-8021E80C2FC9}.Release|Any CPU.Build.0 = Release|Any CPU
	EndGlobalSection
	GlobalSection(SolutionProperties) = preSolution
		HideSolutionNode = FALSE
	EndGlobalSection
	GlobalSection(ExtensibilityGlobals) = postSolution
		SolutionGuid = {6D43C8E6-42EF-489B-BDF7-5EF73312DF34}
	EndGlobalSection
EndGlobal
