
Microsoft Visual Studio Solution File, Format Version 12.00
# Visual Studio Version 17
VisualStudioVersion = 17.3.32825.248
MinimumVisualStudioVersion = 10.0.40219.1
Project("{FAE04EC0-301F-11D3-BF4B-00C04F79EFBC}") = "HandsonStateManagementDemo", "HandsonStateManagementDemo.csproj", "{BC848CD0-F0E1-41E5-AAE0-5AC29AFA1D36}"
EndProject
Global
	GlobalSection(SolutionConfigurationPlatforms) = preSolution
		Debug|Any CPU = Debug|Any CPU
		Release|Any CPU = Release|Any CPU
	EndGlobalSection
	GlobalSection(ProjectConfigurationPlatforms) = postSolution
		{BC848CD0-F0E1-41E5-AAE0-5AC29AFA1D36}.Debug|Any CPU.ActiveCfg = Debug|Any CPU
		{BC848CD0-F0E1-41E5-AAE0-5AC29AFA1D36}.Debug|Any CPU.Build.0 = Debug|Any CPU
		{BC848CD0-F0E1-41E5-AAE0-5AC29AFA1D36}.Release|Any CPU.ActiveCfg = Release|Any CPU
		{BC848CD0-F0E1-41E5-AAE0-5AC29AFA1D36}.Release|Any CPU.Build.0 = Release|Any CPU
	EndGlobalSection
	GlobalSection(SolutionProperties) = preSolution
		HideSolutionNode = FALSE
	EndGlobalSection
	GlobalSection(ExtensibilityGlobals) = postSolution
		SolutionGuid = {FEF5757B-6B69-4923-9F4E-1AC856408887}
	EndGlobalSection
EndGlobal
