
Microsoft Visual Studio Solution File, Format Version 12.00
# Visual Studio Version 17
VisualStudioVersion = 17.3.32825.248
MinimumVisualStudioVersion = 10.0.40219.1
Project("{FAE04EC0-301F-11D3-BF4B-00C04F79EFBC}") = "HandsOnControlls", "HandsOnControlls.csproj", "{451995E9-0136-4F4F-827C-AE6B737730B5}"
EndProject
Global
	GlobalSection(SolutionConfigurationPlatforms) = preSolution
		Debug|Any CPU = Debug|Any CPU
		Release|Any CPU = Release|Any CPU
	EndGlobalSection
	GlobalSection(ProjectConfigurationPlatforms) = postSolution
		{451995E9-0136-4F4F-827C-AE6B737730B5}.Debug|Any CPU.ActiveCfg = Debug|Any CPU
		{451995E9-0136-4F4F-827C-AE6B737730B5}.Debug|Any CPU.Build.0 = Debug|Any CPU
		{451995E9-0136-4F4F-827C-AE6B737730B5}.Release|Any CPU.ActiveCfg = Release|Any CPU
		{451995E9-0136-4F4F-827C-AE6B737730B5}.Release|Any CPU.Build.0 = Release|Any CPU
	EndGlobalSection
	GlobalSection(SolutionProperties) = preSolution
		HideSolutionNode = FALSE
	EndGlobalSection
	GlobalSection(ExtensibilityGlobals) = postSolution
		SolutionGuid = {668BA56E-4A50-4344-A066-1FC9E95A4B4B}
	EndGlobalSection
EndGlobal
